// !$*UTF8*$!
{
	archiveVersion = 1;
	classes = {
	};
	objectVersion = 51;
	objects = {

/* Begin PBXBuildFile section */
		040B75342422511E00A4147A /* ControllerBackgroundImage.swift in Sources */ = {isa = PBXBuildFile; fileRef = 040B75332422511E00A4147A /* ControllerBackgroundImage.swift */; };
		040B75362422606200A4147A /* iOSDropDown.framework in Frameworks */ = {isa = PBXBuildFile; fileRef = 040B75352422606200A4147A /* iOSDropDown.framework */; };
		045C1F10241AD7D3004217D9 /* AppDelegate.swift in Sources */ = {isa = PBXBuildFile; fileRef = 045C1F0F241AD7D3004217D9 /* AppDelegate.swift */; };
		045C1F12241AD7D3004217D9 /* SceneDelegate.swift in Sources */ = {isa = PBXBuildFile; fileRef = 045C1F11241AD7D3004217D9 /* SceneDelegate.swift */; };
		045C1F14241AD7D3004217D9 /* ViewController.swift in Sources */ = {isa = PBXBuildFile; fileRef = 045C1F13241AD7D3004217D9 /* ViewController.swift */; };
		045C1F17241AD7D3004217D9 /* Main.storyboard in Resources */ = {isa = PBXBuildFile; fileRef = 045C1F15241AD7D3004217D9 /* Main.storyboard */; };
		045C1F1A241AD7D3004217D9 /* myrootsinafrica.xcdatamodeld in Sources */ = {isa = PBXBuildFile; fileRef = 045C1F18241AD7D3004217D9 /* myrootsinafrica.xcdatamodeld */; };
		045C1F1C241AD7D4004217D9 /* Assets.xcassets in Resources */ = {isa = PBXBuildFile; fileRef = 045C1F1B241AD7D4004217D9 /* Assets.xcassets */; };
		045C1F1F241AD7D4004217D9 /* LaunchScreen.storyboard in Resources */ = {isa = PBXBuildFile; fileRef = 045C1F1D241AD7D4004217D9 /* LaunchScreen.storyboard */; };
		045C1F2A241AD7D4004217D9 /* myrootsinafricaTests.swift in Sources */ = {isa = PBXBuildFile; fileRef = 045C1F29241AD7D4004217D9 /* myrootsinafricaTests.swift */; };
		045C1F35241AD7D4004217D9 /* myrootsinafricaUITests.swift in Sources */ = {isa = PBXBuildFile; fileRef = 045C1F34241AD7D4004217D9 /* myrootsinafricaUITests.swift */; };
		045C1F45241AE06A004217D9 /* primarybutton.swift in Sources */ = {isa = PBXBuildFile; fileRef = 045C1F44241AE06A004217D9 /* primarybutton.swift */; };
		045C1F47241AE3CC004217D9 /* secondarybutton.swift in Sources */ = {isa = PBXBuildFile; fileRef = 045C1F46241AE3CC004217D9 /* secondarybutton.swift */; };
		045C1F4D241B70FA004217D9 /* DScrollView+.swift in Sources */ = {isa = PBXBuildFile; fileRef = 045C1F49241B70F9004217D9 /* DScrollView+.swift */; };
		045C1F4E241B70FA004217D9 /* DScrollView.swift in Sources */ = {isa = PBXBuildFile; fileRef = 045C1F4A241B70F9004217D9 /* DScrollView.swift */; };
		045C1F4F241B70FA004217D9 /* DScrollViewContainer.swift in Sources */ = {isa = PBXBuildFile; fileRef = 045C1F4B241B70FA004217D9 /* DScrollViewContainer.swift */; };
		045C1F50241B70FA004217D9 /* DScrollViewElement.swift in Sources */ = {isa = PBXBuildFile; fileRef = 045C1F4C241B70FA004217D9 /* DScrollViewElement.swift */; };
		045C1F5A241B9EB7004217D9 /* BalooChettan2-Medium.ttf in Resources */ = {isa = PBXBuildFile; fileRef = 045C1F58241B9EB7004217D9 /* BalooChettan2-Medium.ttf */; };
		045C1F5B241B9EB7004217D9 /* BalooChettan2-Regular.ttf in Resources */ = {isa = PBXBuildFile; fileRef = 045C1F59241B9EB7004217D9 /* BalooChettan2-Regular.ttf */; };
		045C1F5D241BA205004217D9 /* ExtToast.swift in Sources */ = {isa = PBXBuildFile; fileRef = 045C1F5C241BA205004217D9 /* ExtToast.swift */; };
		045C1F96241F53F1004217D9 /* SignupController.swift in Sources */ = {isa = PBXBuildFile; fileRef = 045C1F95241F53F1004217D9 /* SignupController.swift */; };
		045C1F99241F59C9004217D9 /* UnderlineTextFunc.swift in Sources */ = {isa = PBXBuildFile; fileRef = 045C1F98241F59C9004217D9 /* UnderlineTextFunc.swift */; };
		047BB0B32421976B001C5344 /* UserVerificationController.swift in Sources */ = {isa = PBXBuildFile; fileRef = 047BB0B22421976B001C5344 /* UserVerificationController.swift */; };
		0484D44E241F875C00FDFD7C /* CountryAndCode.swift in Sources */ = {isa = PBXBuildFile; fileRef = 0484D44D241F875C00FDFD7C /* CountryAndCode.swift */; };
		049CF58724229E2E00C81412 /* setViewShadowExtension.swift in Sources */ = {isa = PBXBuildFile; fileRef = 049CF58624229E2E00C81412 /* setViewShadowExtension.swift */; };
		049CF58A2422AD3600C81412 /* VerificationResultViewController.swift in Sources */ = {isa = PBXBuildFile; fileRef = 049CF5892422AD3600C81412 /* VerificationResultViewController.swift */; };
		B51E010EB1681DDE0EE820F8 /* Pods_myrootsinafrica_myrootsinafricaUITests.framework in Frameworks */ = {isa = PBXBuildFile; fileRef = 3386D9AF1B7B6AD760D1471B /* Pods_myrootsinafrica_myrootsinafricaUITests.framework */; };
		C13665BA5DD7CB00F10B0061 /* Pods_myrootsinafricaTests.framework in Frameworks */ = {isa = PBXBuildFile; fileRef = 66EAFB91B73632455E84AD72 /* Pods_myrootsinafricaTests.framework */; };
		C33786098244521D082A5C75 /* Pods_myrootsinafrica.framework in Frameworks */ = {isa = PBXBuildFile; fileRef = 02F985F0252120D04C28B5F6 /* Pods_myrootsinafrica.framework */; };
/* End PBXBuildFile section */

/* Begin PBXContainerItemProxy section */
		045C1F26241AD7D4004217D9 /* PBXContainerItemProxy */ = {
			isa = PBXContainerItemProxy;
			containerPortal = 045C1F04241AD7D3004217D9 /* Project object */;
			proxyType = 1;
			remoteGlobalIDString = 045C1F0B241AD7D3004217D9;
			remoteInfo = myrootsinafrica;
		};
		045C1F31241AD7D4004217D9 /* PBXContainerItemProxy */ = {
			isa = PBXContainerItemProxy;
			containerPortal = 045C1F04241AD7D3004217D9 /* Project object */;
			proxyType = 1;
			remoteGlobalIDString = 045C1F0B241AD7D3004217D9;
			remoteInfo = myrootsinafrica;
		};
/* End PBXContainerItemProxy section */

/* Begin PBXFileReference section */
		02F985F0252120D04C28B5F6 /* Pods_myrootsinafrica.framework */ = {isa = PBXFileReference; explicitFileType = wrapper.framework; includeInIndex = 0; path = Pods_myrootsinafrica.framework; sourceTree = BUILT_PRODUCTS_DIR; };
		040B75332422511E00A4147A /* ControllerBackgroundImage.swift */ = {isa = PBXFileReference; lastKnownFileType = sourcecode.swift; path = ControllerBackgroundImage.swift; sourceTree = "<group>"; };
		040B75352422606200A4147A /* iOSDropDown.framework */ = {isa = PBXFileReference; explicitFileType = wrapper.framework; path = iOSDropDown.framework; sourceTree = BUILT_PRODUCTS_DIR; };
		045C1F0C241AD7D3004217D9 /* myrootsinafrica.app */ = {isa = PBXFileReference; explicitFileType = wrapper.application; includeInIndex = 0; path = myrootsinafrica.app; sourceTree = BUILT_PRODUCTS_DIR; };
		045C1F0F241AD7D3004217D9 /* AppDelegate.swift */ = {isa = PBXFileReference; lastKnownFileType = sourcecode.swift; path = AppDelegate.swift; sourceTree = "<group>"; };
		045C1F11241AD7D3004217D9 /* SceneDelegate.swift */ = {isa = PBXFileReference; lastKnownFileType = sourcecode.swift; path = SceneDelegate.swift; sourceTree = "<group>"; };
		045C1F13241AD7D3004217D9 /* ViewController.swift */ = {isa = PBXFileReference; lastKnownFileType = sourcecode.swift; path = ViewController.swift; sourceTree = "<group>"; };
		045C1F16241AD7D3004217D9 /* Base */ = {isa = PBXFileReference; lastKnownFileType = file.storyboard; name = Base; path = Base.lproj/Main.storyboard; sourceTree = "<group>"; };
		045C1F19241AD7D3004217D9 /* myrootsinafrica.xcdatamodel */ = {isa = PBXFileReference; lastKnownFileType = wrapper.xcdatamodel; path = myrootsinafrica.xcdatamodel; sourceTree = "<group>"; };
		045C1F1B241AD7D4004217D9 /* Assets.xcassets */ = {isa = PBXFileReference; lastKnownFileType = folder.assetcatalog; path = Assets.xcassets; sourceTree = "<group>"; };
		045C1F1E241AD7D4004217D9 /* Base */ = {isa = PBXFileReference; lastKnownFileType = file.storyboard; name = Base; path = Base.lproj/LaunchScreen.storyboard; sourceTree = "<group>"; };
		045C1F20241AD7D4004217D9 /* Info.plist */ = {isa = PBXFileReference; lastKnownFileType = text.plist.xml; path = Info.plist; sourceTree = "<group>"; };
		045C1F25241AD7D4004217D9 /* myrootsinafricaTests.xctest */ = {isa = PBXFileReference; explicitFileType = wrapper.cfbundle; includeInIndex = 0; path = myrootsinafricaTests.xctest; sourceTree = BUILT_PRODUCTS_DIR; };
		045C1F29241AD7D4004217D9 /* myrootsinafricaTests.swift */ = {isa = PBXFileReference; lastKnownFileType = sourcecode.swift; path = myrootsinafricaTests.swift; sourceTree = "<group>"; };
		045C1F2B241AD7D4004217D9 /* Info.plist */ = {isa = PBXFileReference; lastKnownFileType = text.plist.xml; path = Info.plist; sourceTree = "<group>"; };
		045C1F30241AD7D4004217D9 /* myrootsinafricaUITests.xctest */ = {isa = PBXFileReference; explicitFileType = wrapper.cfbundle; includeInIndex = 0; path = myrootsinafricaUITests.xctest; sourceTree = BUILT_PRODUCTS_DIR; };
		045C1F34241AD7D4004217D9 /* myrootsinafricaUITests.swift */ = {isa = PBXFileReference; lastKnownFileType = sourcecode.swift; path = myrootsinafricaUITests.swift; sourceTree = "<group>"; };
		045C1F36241AD7D4004217D9 /* Info.plist */ = {isa = PBXFileReference; lastKnownFileType = text.plist.xml; path = Info.plist; sourceTree = "<group>"; };
		045C1F44241AE06A004217D9 /* primarybutton.swift */ = {isa = PBXFileReference; lastKnownFileType = sourcecode.swift; path = primarybutton.swift; sourceTree = "<group>"; };
		045C1F46241AE3CC004217D9 /* secondarybutton.swift */ = {isa = PBXFileReference; lastKnownFileType = sourcecode.swift; path = secondarybutton.swift; sourceTree = "<group>"; };
		045C1F49241B70F9004217D9 /* DScrollView+.swift */ = {isa = PBXFileReference; fileEncoding = 4; lastKnownFileType = sourcecode.swift; path = "DScrollView+.swift"; sourceTree = "<group>"; };
		045C1F4A241B70F9004217D9 /* DScrollView.swift */ = {isa = PBXFileReference; fileEncoding = 4; lastKnownFileType = sourcecode.swift; path = DScrollView.swift; sourceTree = "<group>"; };
		045C1F4B241B70FA004217D9 /* DScrollViewContainer.swift */ = {isa = PBXFileReference; fileEncoding = 4; lastKnownFileType = sourcecode.swift; path = DScrollViewContainer.swift; sourceTree = "<group>"; };
		045C1F4C241B70FA004217D9 /* DScrollViewElement.swift */ = {isa = PBXFileReference; fileEncoding = 4; lastKnownFileType = sourcecode.swift; path = DScrollViewElement.swift; sourceTree = "<group>"; };
		045C1F58241B9EB7004217D9 /* BalooChettan2-Medium.ttf */ = {isa = PBXFileReference; lastKnownFileType = file; path = "BalooChettan2-Medium.ttf"; sourceTree = "<group>"; };
		045C1F59241B9EB7004217D9 /* BalooChettan2-Regular.ttf */ = {isa = PBXFileReference; lastKnownFileType = file; path = "BalooChettan2-Regular.ttf"; sourceTree = "<group>"; };
		045C1F5C241BA205004217D9 /* ExtToast.swift */ = {isa = PBXFileReference; lastKnownFileType = sourcecode.swift; path = ExtToast.swift; sourceTree = "<group>"; };
		045C1F95241F53F1004217D9 /* SignupController.swift */ = {isa = PBXFileReference; lastKnownFileType = sourcecode.swift; path = SignupController.swift; sourceTree = "<group>"; };
		045C1F98241F59C9004217D9 /* UnderlineTextFunc.swift */ = {isa = PBXFileReference; lastKnownFileType = sourcecode.swift; path = UnderlineTextFunc.swift; sourceTree = "<group>"; };
		047BB0B22421976B001C5344 /* UserVerificationController.swift */ = {isa = PBXFileReference; lastKnownFileType = sourcecode.swift; path = UserVerificationController.swift; sourceTree = "<group>"; };
		0484D44D241F875C00FDFD7C /* CountryAndCode.swift */ = {isa = PBXFileReference; lastKnownFileType = sourcecode.swift; path = CountryAndCode.swift; sourceTree = "<group>"; };
		049CF58624229E2E00C81412 /* setViewShadowExtension.swift */ = {isa = PBXFileReference; lastKnownFileType = sourcecode.swift; path = setViewShadowExtension.swift; sourceTree = "<group>"; };
		049CF5892422AD3600C81412 /* VerificationResultViewController.swift */ = {isa = PBXFileReference; lastKnownFileType = sourcecode.swift; path = VerificationResultViewController.swift; sourceTree = "<group>"; };
		07215DC9DAA57FA82E792FF5 /* Pods-myrootsinafrica-myrootsinafricaUITests.release.xcconfig */ = {isa = PBXFileReference; includeInIndex = 1; lastKnownFileType = text.xcconfig; name = "Pods-myrootsinafrica-myrootsinafricaUITests.release.xcconfig"; path = "Target Support Files/Pods-myrootsinafrica-myrootsinafricaUITests/Pods-myrootsinafrica-myrootsinafricaUITests.release.xcconfig"; sourceTree = "<group>"; };
		15DCB06BA38711ADBA161339 /* Pods-myrootsinafrica.debug.xcconfig */ = {isa = PBXFileReference; includeInIndex = 1; lastKnownFileType = text.xcconfig; name = "Pods-myrootsinafrica.debug.xcconfig"; path = "Target Support Files/Pods-myrootsinafrica/Pods-myrootsinafrica.debug.xcconfig"; sourceTree = "<group>"; };
		3386D9AF1B7B6AD760D1471B /* Pods_myrootsinafrica_myrootsinafricaUITests.framework */ = {isa = PBXFileReference; explicitFileType = wrapper.framework; includeInIndex = 0; path = Pods_myrootsinafrica_myrootsinafricaUITests.framework; sourceTree = BUILT_PRODUCTS_DIR; };
		37C092B885A4CA373925E400 /* Pods-myrootsinafricaTests.release.xcconfig */ = {isa = PBXFileReference; includeInIndex = 1; lastKnownFileType = text.xcconfig; name = "Pods-myrootsinafricaTests.release.xcconfig"; path = "Target Support Files/Pods-myrootsinafricaTests/Pods-myrootsinafricaTests.release.xcconfig"; sourceTree = "<group>"; };
		66EAFB91B73632455E84AD72 /* Pods_myrootsinafricaTests.framework */ = {isa = PBXFileReference; explicitFileType = wrapper.framework; includeInIndex = 0; path = Pods_myrootsinafricaTests.framework; sourceTree = BUILT_PRODUCTS_DIR; };
		689A99AE0B8BE5814A42C6CC /* Pods-myrootsinafrica-myrootsinafricaUITests.debug.xcconfig */ = {isa = PBXFileReference; includeInIndex = 1; lastKnownFileType = text.xcconfig; name = "Pods-myrootsinafrica-myrootsinafricaUITests.debug.xcconfig"; path = "Target Support Files/Pods-myrootsinafrica-myrootsinafricaUITests/Pods-myrootsinafrica-myrootsinafricaUITests.debug.xcconfig"; sourceTree = "<group>"; };
		89A8800F70DA81DE2CEA9079 /* Pods-myrootsinafrica.release.xcconfig */ = {isa = PBXFileReference; includeInIndex = 1; lastKnownFileType = text.xcconfig; name = "Pods-myrootsinafrica.release.xcconfig"; path = "Target Support Files/Pods-myrootsinafrica/Pods-myrootsinafrica.release.xcconfig"; sourceTree = "<group>"; };
		F28B2A1B1CF99A521DD7867D /* Pods-myrootsinafricaTests.debug.xcconfig */ = {isa = PBXFileReference; includeInIndex = 1; lastKnownFileType = text.xcconfig; name = "Pods-myrootsinafricaTests.debug.xcconfig"; path = "Target Support Files/Pods-myrootsinafricaTests/Pods-myrootsinafricaTests.debug.xcconfig"; sourceTree = "<group>"; };
/* End PBXFileReference section */

/* Begin PBXFrameworksBuildPhase section */
		045C1F09241AD7D3004217D9 /* Frameworks */ = {
			isa = PBXFrameworksBuildPhase;
			buildActionMask = 2147483647;
			files = (
				040B75362422606200A4147A /* iOSDropDown.framework in Frameworks */,
				C33786098244521D082A5C75 /* Pods_myrootsinafrica.framework in Frameworks */,
			);
			runOnlyForDeploymentPostprocessing = 0;
		};
		045C1F22241AD7D4004217D9 /* Frameworks */ = {
			isa = PBXFrameworksBuildPhase;
			buildActionMask = 2147483647;
			files = (
				C13665BA5DD7CB00F10B0061 /* Pods_myrootsinafricaTests.framework in Frameworks */,
			);
			runOnlyForDeploymentPostprocessing = 0;
		};
		045C1F2D241AD7D4004217D9 /* Frameworks */ = {
			isa = PBXFrameworksBuildPhase;
			buildActionMask = 2147483647;
			files = (
				B51E010EB1681DDE0EE820F8 /* Pods_myrootsinafrica_myrootsinafricaUITests.framework in Frameworks */,
			);
			runOnlyForDeploymentPostprocessing = 0;
		};
/* End PBXFrameworksBuildPhase section */

/* Begin PBXGroup section */
		045C1F03241AD7D3004217D9 = {
			isa = PBXGroup;
			children = (
				045C1F0E241AD7D3004217D9 /* myrootsinafrica */,
				045C1F28241AD7D4004217D9 /* myrootsinafricaTests */,
				045C1F33241AD7D4004217D9 /* myrootsinafricaUITests */,
				045C1F0D241AD7D3004217D9 /* Products */,
				AAFD31ADEDD661D1CA7BCBCF /* Pods */,
				3255732CB1FA99953E804958 /* Frameworks */,
			);
			sourceTree = "<group>";
		};
		045C1F0D241AD7D3004217D9 /* Products */ = {
			isa = PBXGroup;
			children = (
				045C1F0C241AD7D3004217D9 /* myrootsinafrica.app */,
				045C1F25241AD7D4004217D9 /* myrootsinafricaTests.xctest */,
				045C1F30241AD7D4004217D9 /* myrootsinafricaUITests.xctest */,
			);
			name = Products;
			sourceTree = "<group>";
		};
		045C1F0E241AD7D3004217D9 /* myrootsinafrica */ = {
			isa = PBXGroup;
			children = (
				049CF5882422ACB200C81412 /* controllers */,
				045C1F97241F5999004217D9 /* extensionandhelpers */,
				045C1F57241B9E39004217D9 /* csmfonts */,
				045C1F48241B704D004217D9 /* cmscrollview */,
				045C1F43241ADFF3004217D9 /* custombutton */,
				045C1F0F241AD7D3004217D9 /* AppDelegate.swift */,
				045C1F11241AD7D3004217D9 /* SceneDelegate.swift */,
				045C1F13241AD7D3004217D9 /* ViewController.swift */,
				045C1F15241AD7D3004217D9 /* Main.storyboard */,
				045C1F1B241AD7D4004217D9 /* Assets.xcassets */,
				045C1F1D241AD7D4004217D9 /* LaunchScreen.storyboard */,
				045C1F20241AD7D4004217D9 /* Info.plist */,
				045C1F18241AD7D3004217D9 /* myrootsinafrica.xcdatamodeld */,
				045C1F5C241BA205004217D9 /* ExtToast.swift */,
			);
			path = myrootsinafrica;
			sourceTree = "<group>";
		};
		045C1F28241AD7D4004217D9 /* myrootsinafricaTests */ = {
			isa = PBXGroup;
			children = (
				045C1F29241AD7D4004217D9 /* myrootsinafricaTests.swift */,
				045C1F2B241AD7D4004217D9 /* Info.plist */,
			);
			path = myrootsinafricaTests;
			sourceTree = "<group>";
		};
		045C1F33241AD7D4004217D9 /* myrootsinafricaUITests */ = {
			isa = PBXGroup;
			children = (
				045C1F34241AD7D4004217D9 /* myrootsinafricaUITests.swift */,
				045C1F36241AD7D4004217D9 /* Info.plist */,
			);
			path = myrootsinafricaUITests;
			sourceTree = "<group>";
		};
		045C1F43241ADFF3004217D9 /* custombutton */ = {
			isa = PBXGroup;
			children = (
				045C1F44241AE06A004217D9 /* primarybutton.swift */,
				045C1F46241AE3CC004217D9 /* secondarybutton.swift */,
			);
			path = custombutton;
			sourceTree = "<group>";
		};
		045C1F48241B704D004217D9 /* cmscrollview */ = {
			isa = PBXGroup;
			children = (
				045C1F4A241B70F9004217D9 /* DScrollView.swift */,
				045C1F49241B70F9004217D9 /* DScrollView+.swift */,
				045C1F4B241B70FA004217D9 /* DScrollViewContainer.swift */,
				045C1F4C241B70FA004217D9 /* DScrollViewElement.swift */,
			);
			path = cmscrollview;
			sourceTree = "<group>";
		};
		045C1F57241B9E39004217D9 /* csmfonts */ = {
			isa = PBXGroup;
			children = (
				045C1F58241B9EB7004217D9 /* BalooChettan2-Medium.ttf */,
				045C1F59241B9EB7004217D9 /* BalooChettan2-Regular.ttf */,
			);
			path = csmfonts;
			sourceTree = "<group>";
		};
		045C1F94241F53CB004217D9 /* auth */ = {
			isa = PBXGroup;
			children = (
				045C1F95241F53F1004217D9 /* SignupController.swift */,
				047BB0B22421976B001C5344 /* UserVerificationController.swift */,
			);
			path = auth;
			sourceTree = "<group>";
		};
		045C1F97241F5999004217D9 /* extensionandhelpers */ = {
			isa = PBXGroup;
			children = (
				045C1F98241F59C9004217D9 /* UnderlineTextFunc.swift */,
				0484D44D241F875C00FDFD7C /* CountryAndCode.swift */,
				040B75332422511E00A4147A /* ControllerBackgroundImage.swift */,
				049CF58624229E2E00C81412 /* setViewShadowExtension.swift */,
			);
			path = extensionandhelpers;
			sourceTree = "<group>";
		};
		049CF5882422ACB200C81412 /* controllers */ = {
			isa = PBXGroup;
			children = (
				045C1F94241F53CB004217D9 /* auth */,
				049CF5892422AD3600C81412 /* VerificationResultViewController.swift */,
			);
			path = controllers;
			sourceTree = "<group>";
		};
		3255732CB1FA99953E804958 /* Frameworks */ = {
			isa = PBXGroup;
			children = (
				040B75352422606200A4147A /* iOSDropDown.framework */,
				02F985F0252120D04C28B5F6 /* Pods_myrootsinafrica.framework */,
				3386D9AF1B7B6AD760D1471B /* Pods_myrootsinafrica_myrootsinafricaUITests.framework */,
				66EAFB91B73632455E84AD72 /* Pods_myrootsinafricaTests.framework */,
			);
			name = Frameworks;
			sourceTree = "<group>";
		};
		AAFD31ADEDD661D1CA7BCBCF /* Pods */ = {
			isa = PBXGroup;
			children = (
				15DCB06BA38711ADBA161339 /* Pods-myrootsinafrica.debug.xcconfig */,
				89A8800F70DA81DE2CEA9079 /* Pods-myrootsinafrica.release.xcconfig */,
				689A99AE0B8BE5814A42C6CC /* Pods-myrootsinafrica-myrootsinafricaUITests.debug.xcconfig */,
				07215DC9DAA57FA82E792FF5 /* Pods-myrootsinafrica-myrootsinafricaUITests.release.xcconfig */,
				F28B2A1B1CF99A521DD7867D /* Pods-myrootsinafricaTests.debug.xcconfig */,
				37C092B885A4CA373925E400 /* Pods-myrootsinafricaTests.release.xcconfig */,
			);
			path = Pods;
			sourceTree = "<group>";
		};
/* End PBXGroup section */

/* Begin PBXNativeTarget section */
		045C1F0B241AD7D3004217D9 /* myrootsinafrica */ = {
			isa = PBXNativeTarget;
			buildConfigurationList = 045C1F39241AD7D4004217D9 /* Build configuration list for PBXNativeTarget "myrootsinafrica" */;
			buildPhases = (
				1974426D30F120C6985AB6F0 /* [CP] Check Pods Manifest.lock */,
				045C1F08241AD7D3004217D9 /* Sources */,
				045C1F09241AD7D3004217D9 /* Frameworks */,
				045C1F0A241AD7D3004217D9 /* Resources */,
				FFD71C12A7F822A3397F8806 /* [CP] Embed Pods Frameworks */,
			);
			buildRules = (
			);
			dependencies = (
			);
			name = myrootsinafrica;
			productName = myrootsinafrica;
			productReference = 045C1F0C241AD7D3004217D9 /* myrootsinafrica.app */;
			productType = "com.apple.product-type.application";
		};
		045C1F24241AD7D4004217D9 /* myrootsinafricaTests */ = {
			isa = PBXNativeTarget;
			buildConfigurationList = 045C1F3C241AD7D4004217D9 /* Build configuration list for PBXNativeTarget "myrootsinafricaTests" */;
			buildPhases = (
				9F63A487D99A133D649F7EF1 /* [CP] Check Pods Manifest.lock */,
				045C1F21241AD7D4004217D9 /* Sources */,
				045C1F22241AD7D4004217D9 /* Frameworks */,
				045C1F23241AD7D4004217D9 /* Resources */,
			);
			buildRules = (
			);
			dependencies = (
				045C1F27241AD7D4004217D9 /* PBXTargetDependency */,
			);
			name = myrootsinafricaTests;
			productName = myrootsinafricaTests;
			productReference = 045C1F25241AD7D4004217D9 /* myrootsinafricaTests.xctest */;
			productType = "com.apple.product-type.bundle.unit-test";
		};
		045C1F2F241AD7D4004217D9 /* myrootsinafricaUITests */ = {
			isa = PBXNativeTarget;
			buildConfigurationList = 045C1F3F241AD7D4004217D9 /* Build configuration list for PBXNativeTarget "myrootsinafricaUITests" */;
			buildPhases = (
				63B938417A25BE74D7A7B49F /* [CP] Check Pods Manifest.lock */,
				045C1F2C241AD7D4004217D9 /* Sources */,
				045C1F2D241AD7D4004217D9 /* Frameworks */,
				045C1F2E241AD7D4004217D9 /* Resources */,
				8AFDD3C2C0D74B8309197B23 /* [CP] Embed Pods Frameworks */,
			);
			buildRules = (
			);
			dependencies = (
				045C1F32241AD7D4004217D9 /* PBXTargetDependency */,
			);
			name = myrootsinafricaUITests;
			productName = myrootsinafricaUITests;
			productReference = 045C1F30241AD7D4004217D9 /* myrootsinafricaUITests.xctest */;
			productType = "com.apple.product-type.bundle.ui-testing";
		};
/* End PBXNativeTarget section */

/* Begin PBXProject section */
		045C1F04241AD7D3004217D9 /* Project object */ = {
			isa = PBXProject;
			attributes = {
				LastSwiftUpdateCheck = 1130;
				LastUpgradeCheck = 1130;
				ORGANIZATIONNAME = mac;
				TargetAttributes = {
					045C1F0B241AD7D3004217D9 = {
						CreatedOnToolsVersion = 11.3.1;
					};
					045C1F24241AD7D4004217D9 = {
						CreatedOnToolsVersion = 11.3.1;
						TestTargetID = 045C1F0B241AD7D3004217D9;
					};
					045C1F2F241AD7D4004217D9 = {
						CreatedOnToolsVersion = 11.3.1;
						TestTargetID = 045C1F0B241AD7D3004217D9;
					};
				};
			};
			buildConfigurationList = 045C1F07241AD7D3004217D9 /* Build configuration list for PBXProject "myrootsinafrica" */;
			compatibilityVersion = "Xcode 9.3";
			developmentRegion = en;
			hasScannedForEncodings = 0;
			knownRegions = (
				en,
				Base,
			);
			mainGroup = 045C1F03241AD7D3004217D9;
			productRefGroup = 045C1F0D241AD7D3004217D9 /* Products */;
			projectDirPath = "";
			projectRoot = "";
			targets = (
				045C1F0B241AD7D3004217D9 /* myrootsinafrica */,
				045C1F24241AD7D4004217D9 /* myrootsinafricaTests */,
				045C1F2F241AD7D4004217D9 /* myrootsinafricaUITests */,
			);
		};
/* End PBXProject section */

/* Begin PBXResourcesBuildPhase section */
		045C1F0A241AD7D3004217D9 /* Resources */ = {
			isa = PBXResourcesBuildPhase;
			buildActionMask = 2147483647;
			files = (
				045C1F5A241B9EB7004217D9 /* BalooChettan2-Medium.ttf in Resources */,
				045C1F1F241AD7D4004217D9 /* LaunchScreen.storyboard in Resources */,
				045C1F1C241AD7D4004217D9 /* Assets.xcassets in Resources */,
				045C1F5B241B9EB7004217D9 /* BalooChettan2-Regular.ttf in Resources */,
				045C1F17241AD7D3004217D9 /* Main.storyboard in Resources */,
			);
			runOnlyForDeploymentPostprocessing = 0;
		};
		045C1F23241AD7D4004217D9 /* Resources */ = {
			isa = PBXResourcesBuildPhase;
			buildActionMask = 2147483647;
			files = (
			);
			runOnlyForDeploymentPostprocessing = 0;
		};
		045C1F2E241AD7D4004217D9 /* Resources */ = {
			isa = PBXResourcesBuildPhase;
			buildActionMask = 2147483647;
			files = (
			);
			runOnlyForDeploymentPostprocessing = 0;
		};
/* End PBXResourcesBuildPhase section */

/* Begin PBXShellScriptBuildPhase section */
		1974426D30F120C6985AB6F0 /* [CP] Check Pods Manifest.lock */ = {
			isa = PBXShellScriptBuildPhase;
			buildActionMask = 2147483647;
			files = (
			);
			inputFileListPaths = (
			);
			inputPaths = (
				"${PODS_PODFILE_DIR_PATH}/Podfile.lock",
				"${PODS_ROOT}/Manifest.lock",
			);
			name = "[CP] Check Pods Manifest.lock";
			outputFileListPaths = (
			);
			outputPaths = (
				"$(DERIVED_FILE_DIR)/Pods-myrootsinafrica-checkManifestLockResult.txt",
			);
			runOnlyForDeploymentPostprocessing = 0;
			shellPath = /bin/sh;
			shellScript = "diff \"${PODS_PODFILE_DIR_PATH}/Podfile.lock\" \"${PODS_ROOT}/Manifest.lock\" > /dev/null\nif [ $? != 0 ] ; then\n    # print error to STDERR\n    echo \"error: The sandbox is not in sync with the Podfile.lock. Run 'pod install' or update your CocoaPods installation.\" >&2\n    exit 1\nfi\n# This output is used by Xcode 'outputs' to avoid re-running this script phase.\necho \"SUCCESS\" > \"${SCRIPT_OUTPUT_FILE_0}\"\n";
			showEnvVarsInLog = 0;
		};
		63B938417A25BE74D7A7B49F /* [CP] Check Pods Manifest.lock */ = {
			isa = PBXShellScriptBuildPhase;
			buildActionMask = 2147483647;
			files = (
			);
			inputFileListPaths = (
			);
			inputPaths = (
				"${PODS_PODFILE_DIR_PATH}/Podfile.lock",
				"${PODS_ROOT}/Manifest.lock",
			);
			name = "[CP] Check Pods Manifest.lock";
			outputFileListPaths = (
			);
			outputPaths = (
				"$(DERIVED_FILE_DIR)/Pods-myrootsinafrica-myrootsinafricaUITests-checkManifestLockResult.txt",
			);
			runOnlyForDeploymentPostprocessing = 0;
			shellPath = /bin/sh;
			shellScript = "diff \"${PODS_PODFILE_DIR_PATH}/Podfile.lock\" \"${PODS_ROOT}/Manifest.lock\" > /dev/null\nif [ $? != 0 ] ; then\n    # print error to STDERR\n    echo \"error: The sandbox is not in sync with the Podfile.lock. Run 'pod install' or update your CocoaPods installation.\" >&2\n    exit 1\nfi\n# This output is used by Xcode 'outputs' to avoid re-running this script phase.\necho \"SUCCESS\" > \"${SCRIPT_OUTPUT_FILE_0}\"\n";
			showEnvVarsInLog = 0;
		};
		8AFDD3C2C0D74B8309197B23 /* [CP] Embed Pods Frameworks */ = {
			isa = PBXShellScriptBuildPhase;
			buildActionMask = 2147483647;
			files = (
			);
			inputFileListPaths = (
				"${PODS_ROOT}/Target Support Files/Pods-myrootsinafrica-myrootsinafricaUITests/Pods-myrootsinafrica-myrootsinafricaUITests-frameworks-${CONFIGURATION}-input-files.xcfilelist",
			);
			name = "[CP] Embed Pods Frameworks";
			outputFileListPaths = (
				"${PODS_ROOT}/Target Support Files/Pods-myrootsinafrica-myrootsinafricaUITests/Pods-myrootsinafrica-myrootsinafricaUITests-frameworks-${CONFIGURATION}-output-files.xcfilelist",
			);
			runOnlyForDeploymentPostprocessing = 0;
			shellPath = /bin/sh;
			shellScript = "\"${PODS_ROOT}/Target Support Files/Pods-myrootsinafrica-myrootsinafricaUITests/Pods-myrootsinafrica-myrootsinafricaUITests-frameworks.sh\"\n";
			showEnvVarsInLog = 0;
		};
		9F63A487D99A133D649F7EF1 /* [CP] Check Pods Manifest.lock */ = {
			isa = PBXShellScriptBuildPhase;
			buildActionMask = 2147483647;
			files = (
			);
			inputFileListPaths = (
			);
			inputPaths = (
				"${PODS_PODFILE_DIR_PATH}/Podfile.lock",
				"${PODS_ROOT}/Manifest.lock",
			);
			name = "[CP] Check Pods Manifest.lock";
			outputFileListPaths = (
			);
			outputPaths = (
				"$(DERIVED_FILE_DIR)/Pods-myrootsinafricaTests-checkManifestLockResult.txt",
			);
			runOnlyForDeploymentPostprocessing = 0;
			shellPath = /bin/sh;
			shellScript = "diff \"${PODS_PODFILE_DIR_PATH}/Podfile.lock\" \"${PODS_ROOT}/Manifest.lock\" > /dev/null\nif [ $? != 0 ] ; then\n    # print error to STDERR\n    echo \"error: The sandbox is not in sync with the Podfile.lock. Run 'pod install' or update your CocoaPods installation.\" >&2\n    exit 1\nfi\n# This output is used by Xcode 'outputs' to avoid re-running this script phase.\necho \"SUCCESS\" > \"${SCRIPT_OUTPUT_FILE_0}\"\n";
			showEnvVarsInLog = 0;
		};
		FFD71C12A7F822A3397F8806 /* [CP] Embed Pods Frameworks */ = {
			isa = PBXShellScriptBuildPhase;
			buildActionMask = 2147483647;
			files = (
			);
			inputFileListPaths = (
				"${PODS_ROOT}/Target Support Files/Pods-myrootsinafrica/Pods-myrootsinafrica-frameworks-${CONFIGURATION}-input-files.xcfilelist",
			);
			name = "[CP] Embed Pods Frameworks";
			outputFileListPaths = (
				"${PODS_ROOT}/Target Support Files/Pods-myrootsinafrica/Pods-myrootsinafrica-frameworks-${CONFIGURATION}-output-files.xcfilelist",
			);
			runOnlyForDeploymentPostprocessing = 0;
			shellPath = /bin/sh;
			shellScript = "\"${PODS_ROOT}/Target Support Files/Pods-myrootsinafrica/Pods-myrootsinafrica-frameworks.sh\"\n";
			showEnvVarsInLog = 0;
		};
/* End PBXShellScriptBuildPhase section */

/* Begin PBXSourcesBuildPhase section */
		045C1F08241AD7D3004217D9 /* Sources */ = {
			isa = PBXSourcesBuildPhase;
			buildActionMask = 2147483647;
			files = (
				045C1F47241AE3CC004217D9 /* secondarybutton.swift in Sources */,
				040B75342422511E00A4147A /* ControllerBackgroundImage.swift in Sources */,
				045C1F99241F59C9004217D9 /* UnderlineTextFunc.swift in Sources */,
				045C1F4D241B70FA004217D9 /* DScrollView+.swift in Sources */,
				049CF58A2422AD3600C81412 /* VerificationResultViewController.swift in Sources */,
				045C1F4E241B70FA004217D9 /* DScrollView.swift in Sources */,
				045C1F96241F53F1004217D9 /* SignupController.swift in Sources */,
				045C1F45241AE06A004217D9 /* primarybutton.swift in Sources */,
				045C1F14241AD7D3004217D9 /* ViewController.swift in Sources */,
				045C1F50241B70FA004217D9 /* DScrollViewElement.swift in Sources */,
				047BB0B32421976B001C5344 /* UserVerificationController.swift in Sources */,
				045C1F10241AD7D3004217D9 /* AppDelegate.swift in Sources */,
				049CF58724229E2E00C81412 /* setViewShadowExtension.swift in Sources */,
				045C1F5D241BA205004217D9 /* ExtToast.swift in Sources */,
				045C1F4F241B70FA004217D9 /* DScrollViewContainer.swift in Sources */,
				045C1F1A241AD7D3004217D9 /* myrootsinafrica.xcdatamodeld in Sources */,
				045C1F12241AD7D3004217D9 /* SceneDelegate.swift in Sources */,
				0484D44E241F875C00FDFD7C /* CountryAndCode.swift in Sources */,
			);
			runOnlyForDeploymentPostprocessing = 0;
		};
		045C1F21241AD7D4004217D9 /* Sources */ = {
			isa = PBXSourcesBuildPhase;
			buildActionMask = 2147483647;
			files = (
				045C1F2A241AD7D4004217D9 /* myrootsinafricaTests.swift in Sources */,
			);
			runOnlyForDeploymentPostprocessing = 0;
		};
		045C1F2C241AD7D4004217D9 /* Sources */ = {
			isa = PBXSourcesBuildPhase;
			buildActionMask = 2147483647;
			files = (
				045C1F35241AD7D4004217D9 /* myrootsinafricaUITests.swift in Sources */,
			);
			runOnlyForDeploymentPostprocessing = 0;
		};
/* End PBXSourcesBuildPhase section */

/* Begin PBXTargetDependency section */
		045C1F27241AD7D4004217D9 /* PBXTargetDependency */ = {
			isa = PBXTargetDependency;
			target = 045C1F0B241AD7D3004217D9 /* myrootsinafrica */;
			targetProxy = 045C1F26241AD7D4004217D9 /* PBXContainerItemProxy */;
		};
		045C1F32241AD7D4004217D9 /* PBXTargetDependency */ = {
			isa = PBXTargetDependency;
			target = 045C1F0B241AD7D3004217D9 /* myrootsinafrica */;
			targetProxy = 045C1F31241AD7D4004217D9 /* PBXContainerItemProxy */;
		};
/* End PBXTargetDependency section */

/* Begin PBXVariantGroup section */
		045C1F15241AD7D3004217D9 /* Main.storyboard */ = {
			isa = PBXVariantGroup;
			children = (
				045C1F16241AD7D3004217D9 /* Base */,
			);
			name = Main.storyboard;
			sourceTree = "<group>";
		};
		045C1F1D241AD7D4004217D9 /* LaunchScreen.storyboard */ = {
			isa = PBXVariantGroup;
			children = (
				045C1F1E241AD7D4004217D9 /* Base */,
			);
			name = LaunchScreen.storyboard;
			sourceTree = "<group>";
		};
/* End PBXVariantGroup section */

/* Begin XCBuildConfiguration section */
		045C1F37241AD7D4004217D9 /* Debug */ = {
			isa = XCBuildConfiguration;
			buildSettings = {
				ALWAYS_SEARCH_USER_PATHS = NO;
				CLANG_ANALYZER_NONNULL = YES;
				CLANG_ANALYZER_NUMBER_OBJECT_CONVERSION = YES_AGGRESSIVE;
				CLANG_CXX_LANGUAGE_STANDARD = "gnu++14";
				CLANG_CXX_LIBRARY = "libc++";
				CLANG_ENABLE_MODULES = YES;
				CLANG_ENABLE_OBJC_ARC = YES;
				CLANG_ENABLE_OBJC_WEAK = YES;
				CLANG_WARN_BLOCK_CAPTURE_AUTORELEASING = YES;
				CLANG_WARN_BOOL_CONVERSION = YES;
				CLANG_WARN_COMMA = YES;
				CLANG_WARN_CONSTANT_CONVERSION = YES;
				CLANG_WARN_DEPRECATED_OBJC_IMPLEMENTATIONS = YES;
				CLANG_WARN_DIRECT_OBJC_ISA_USAGE = YES_ERROR;
				CLANG_WARN_DOCUMENTATION_COMMENTS = YES;
				CLANG_WARN_EMPTY_BODY = YES;
				CLANG_WARN_ENUM_CONVERSION = YES;
				CLANG_WARN_INFINITE_RECURSION = YES;
				CLANG_WARN_INT_CONVERSION = YES;
				CLANG_WARN_NON_LITERAL_NULL_CONVERSION = YES;
				CLANG_WARN_OBJC_IMPLICIT_RETAIN_SELF = YES;
				CLANG_WARN_OBJC_LITERAL_CONVERSION = YES;
				CLANG_WARN_OBJC_ROOT_CLASS = YES_ERROR;
				CLANG_WARN_RANGE_LOOP_ANALYSIS = YES;
				CLANG_WARN_STRICT_PROTOTYPES = YES;
				CLANG_WARN_SUSPICIOUS_MOVE = YES;
				CLANG_WARN_UNGUARDED_AVAILABILITY = YES_AGGRESSIVE;
				CLANG_WARN_UNREACHABLE_CODE = YES;
				CLANG_WARN__DUPLICATE_METHOD_MATCH = YES;
				COPY_PHASE_STRIP = NO;
				DEBUG_INFORMATION_FORMAT = dwarf;
				ENABLE_STRICT_OBJC_MSGSEND = YES;
				ENABLE_TESTABILITY = YES;
				GCC_C_LANGUAGE_STANDARD = gnu11;
				GCC_DYNAMIC_NO_PIC = NO;
				GCC_NO_COMMON_BLOCKS = YES;
				GCC_OPTIMIZATION_LEVEL = 0;
				GCC_PREPROCESSOR_DEFINITIONS = (
					"DEBUG=1",
					"$(inherited)",
				);
				GCC_WARN_64_TO_32_BIT_CONVERSION = YES;
				GCC_WARN_ABOUT_RETURN_TYPE = YES_ERROR;
				GCC_WARN_UNDECLARED_SELECTOR = YES;
				GCC_WARN_UNINITIALIZED_AUTOS = YES_AGGRESSIVE;
				GCC_WARN_UNUSED_FUNCTION = YES;
				GCC_WARN_UNUSED_VARIABLE = YES;
				IPHONEOS_DEPLOYMENT_TARGET = 13.2;
				MTL_ENABLE_DEBUG_INFO = INCLUDE_SOURCE;
				MTL_FAST_MATH = YES;
				ONLY_ACTIVE_ARCH = YES;
				SDKROOT = iphoneos;
				SWIFT_ACTIVE_COMPILATION_CONDITIONS = DEBUG;
				SWIFT_OPTIMIZATION_LEVEL = "-Onone";
			};
			name = Debug;
		};
		045C1F38241AD7D4004217D9 /* Release */ = {
			isa = XCBuildConfiguration;
			buildSettings = {
				ALWAYS_SEARCH_USER_PATHS = NO;
				CLANG_ANALYZER_NONNULL = YES;
				CLANG_ANALYZER_NUMBER_OBJECT_CONVERSION = YES_AGGRESSIVE;
				CLANG_CXX_LANGUAGE_STANDARD = "gnu++14";
				CLANG_CXX_LIBRARY = "libc++";
				CLANG_ENABLE_MODULES = YES;
				CLANG_ENABLE_OBJC_ARC = YES;
				CLANG_ENABLE_OBJC_WEAK = YES;
				CLANG_WARN_BLOCK_CAPTURE_AUTORELEASING = YES;
				CLANG_WARN_BOOL_CONVERSION = YES;
				CLANG_WARN_COMMA = YES;
				CLANG_WARN_CONSTANT_CONVERSION = YES;
				CLANG_WARN_DEPRECATED_OBJC_IMPLEMENTATIONS = YES;
				CLANG_WARN_DIRECT_OBJC_ISA_USAGE = YES_ERROR;
				CLANG_WARN_DOCUMENTATION_COMMENTS = YES;
				CLANG_WARN_EMPTY_BODY = YES;
				CLANG_WARN_ENUM_CONVERSION = YES;
				CLANG_WARN_INFINITE_RECURSION = YES;
				CLANG_WARN_INT_CONVERSION = YES;
				CLANG_WARN_NON_LITERAL_NULL_CONVERSION = YES;
				CLANG_WARN_OBJC_IMPLICIT_RETAIN_SELF = YES;
				CLANG_WARN_OBJC_LITERAL_CONVERSION = YES;
				CLANG_WARN_OBJC_ROOT_CLASS = YES_ERROR;
				CLANG_WARN_RANGE_LOOP_ANALYSIS = YES;
				CLANG_WARN_STRICT_PROTOTYPES = YES;
				CLANG_WARN_SUSPICIOUS_MOVE = YES;
				CLANG_WARN_UNGUARDED_AVAILABILITY = YES_AGGRESSIVE;
				CLANG_WARN_UNREACHABLE_CODE = YES;
				CLANG_WARN__DUPLICATE_METHOD_MATCH = YES;
				COPY_PHASE_STRIP = NO;
				DEBUG_INFORMATION_FORMAT = "dwarf-with-dsym";
				ENABLE_NS_ASSERTIONS = NO;
				ENABLE_STRICT_OBJC_MSGSEND = YES;
				GCC_C_LANGUAGE_STANDARD = gnu11;
				GCC_NO_COMMON_BLOCKS = YES;
				GCC_WARN_64_TO_32_BIT_CONVERSION = YES;
				GCC_WARN_ABOUT_RETURN_TYPE = YES_ERROR;
				GCC_WARN_UNDECLARED_SELECTOR = YES;
				GCC_WARN_UNINITIALIZED_AUTOS = YES_AGGRESSIVE;
				GCC_WARN_UNUSED_FUNCTION = YES;
				GCC_WARN_UNUSED_VARIABLE = YES;
				IPHONEOS_DEPLOYMENT_TARGET = 13.2;
				MTL_ENABLE_DEBUG_INFO = NO;
				MTL_FAST_MATH = YES;
				SDKROOT = iphoneos;
				SWIFT_COMPILATION_MODE = wholemodule;
				SWIFT_OPTIMIZATION_LEVEL = "-O";
				VALIDATE_PRODUCT = YES;
			};
			name = Release;
		};
		045C1F3A241AD7D4004217D9 /* Debug */ = {
			isa = XCBuildConfiguration;
			baseConfigurationReference = 15DCB06BA38711ADBA161339 /* Pods-myrootsinafrica.debug.xcconfig */;
			buildSettings = {
				ALWAYS_EMBED_SWIFT_STANDARD_LIBRARIES = NO;
				ASSETCATALOG_COMPILER_APPICON_NAME = AppIcon;
				CODE_SIGN_STYLE = Automatic;
				HEADER_SEARCH_PATHS = "$(inherited)";
				INFOPLIST_FILE = myrootsinafrica/Info.plist;
				LD_RUNPATH_SEARCH_PATHS = (
					"$(inherited)",
					"@executable_path/Frameworks",
				);
				PRODUCT_BUNDLE_IDENTIFIER = org.mipad.myrootinafrica.myrootsinafrica;
				PRODUCT_NAME = "$(TARGET_NAME)";
				SWIFT_VERSION = 5.0;
				TARGETED_DEVICE_FAMILY = "1,2";
			};
			name = Debug;
		};
		045C1F3B241AD7D4004217D9 /* Release */ = {
			isa = XCBuildConfiguration;
			baseConfigurationReference = 89A8800F70DA81DE2CEA9079 /* Pods-myrootsinafrica.release.xcconfig */;
			buildSettings = {
				ALWAYS_EMBED_SWIFT_STANDARD_LIBRARIES = NO;
				ASSETCATALOG_COMPILER_APPICON_NAME = AppIcon;
				CODE_SIGN_STYLE = Automatic;
				HEADER_SEARCH_PATHS = "$(inherited)";
				INFOPLIST_FILE = myrootsinafrica/Info.plist;
				LD_RUNPATH_SEARCH_PATHS = (
					"$(inherited)",
					"@executable_path/Frameworks",
				);
				PRODUCT_BUNDLE_IDENTIFIER = org.mipad.myrootinafrica.myrootsinafrica;
				PRODUCT_NAME = "$(TARGET_NAME)";
				SWIFT_VERSION = 5.0;
				TARGETED_DEVICE_FAMILY = "1,2";
			};
			name = Release;
		};
		045C1F3D241AD7D4004217D9 /* Debug */ = {
			isa = XCBuildConfiguration;
			baseConfigurationReference = F28B2A1B1CF99A521DD7867D /* Pods-myrootsinafricaTests.debug.xcconfig */;
			buildSettings = {
				ALWAYS_EMBED_SWIFT_STANDARD_LIBRARIES = YES;
				BUNDLE_LOADER = "$(TEST_HOST)";
				CODE_SIGN_STYLE = Automatic;
				INFOPLIST_FILE = myrootsinafricaTests/Info.plist;
				IPHONEOS_DEPLOYMENT_TARGET = 13.2;
				LD_RUNPATH_SEARCH_PATHS = (
					"$(inherited)",
					"@executable_path/Frameworks",
					"@loader_path/Frameworks",
				);
				PRODUCT_BUNDLE_IDENTIFIER = org.mipad.myrootinafrica.myrootsinafricaTests;
				PRODUCT_NAME = "$(TARGET_NAME)";
				SWIFT_VERSION = 5.0;
				TARGETED_DEVICE_FAMILY = "1,2";
				TEST_HOST = "$(BUILT_PRODUCTS_DIR)/myrootsinafrica.app/myrootsinafrica";
			};
			name = Debug;
		};
		045C1F3E241AD7D4004217D9 /* Release */ = {
			isa = XCBuildConfiguration;
			baseConfigurationReference = 37C092B885A4CA373925E400 /* Pods-myrootsinafricaTests.release.xcconfig */;
			buildSettings = {
				ALWAYS_EMBED_SWIFT_STANDARD_LIBRARIES = YES;
				BUNDLE_LOADER = "$(TEST_HOST)";
				CODE_SIGN_STYLE = Automatic;
				INFOPLIST_FILE = myrootsinafricaTests/Info.plist;
				IPHONEOS_DEPLOYMENT_TARGET = 13.2;
				LD_RUNPATH_SEARCH_PATHS = (
					"$(inherited)",
					"@executable_path/Frameworks",
					"@loader_path/Frameworks",
				);
				PRODUCT_BUNDLE_IDENTIFIER = org.mipad.myrootinafrica.myrootsinafricaTests;
				PRODUCT_NAME = "$(TARGET_NAME)";
				SWIFT_VERSION = 5.0;
				TARGETED_DEVICE_FAMILY = "1,2";
				TEST_HOST = "$(BUILT_PRODUCTS_DIR)/myrootsinafrica.app/myrootsinafrica";
			};
			name = Release;
		};
		045C1F40241AD7D4004217D9 /* Debug */ = {
			isa = XCBuildConfiguration;
			baseConfigurationReference = 689A99AE0B8BE5814A42C6CC /* Pods-myrootsinafrica-myrootsinafricaUITests.debug.xcconfig */;
			buildSettings = {
				ALWAYS_EMBED_SWIFT_STANDARD_LIBRARIES = YES;
				CODE_SIGN_STYLE = Automatic;
				INFOPLIST_FILE = myrootsinafricaUITests/Info.plist;
				LD_RUNPATH_SEARCH_PATHS = (
					"$(inherited)",
					"@executable_path/Frameworks",
					"@loader_path/Frameworks",
				);
				PRODUCT_BUNDLE_IDENTIFIER = org.mipad.myrootinafrica.myrootsinafricaUITests;
				PRODUCT_NAME = "$(TARGET_NAME)";
				SWIFT_VERSION = 5.0;
				TARGETED_DEVICE_FAMILY = "1,2";
				TEST_TARGET_NAME = myrootsinafrica;
			};
			name = Debug;
		};
		045C1F41241AD7D4004217D9 /* Release */ = {
			isa = XCBuildConfiguration;
			baseConfigurationReference = 07215DC9DAA57FA82E792FF5 /* Pods-myrootsinafrica-myrootsinafricaUITests.release.xcconfig */;
			buildSettings = {
				ALWAYS_EMBED_SWIFT_STANDARD_LIBRARIES = YES;
				CODE_SIGN_STYLE = Automatic;
				INFOPLIST_FILE = myrootsinafricaUITests/Info.plist;
				LD_RUNPATH_SEARCH_PATHS = (
					"$(inherited)",
					"@executable_path/Frameworks",
					"@loader_path/Frameworks",
				);
				PRODUCT_BUNDLE_IDENTIFIER = org.mipad.myrootinafrica.myrootsinafricaUITests;
				PRODUCT_NAME = "$(TARGET_NAME)";
				SWIFT_VERSION = 5.0;
				TARGETED_DEVICE_FAMILY = "1,2";
				TEST_TARGET_NAME = myrootsinafrica;
			};
			name = Release;
		};
/* End XCBuildConfiguration section */

/* Begin XCConfigurationList section */
		045C1F07241AD7D3004217D9 /* Build configuration list for PBXProject "myrootsinafrica" */ = {
			isa = XCConfigurationList;
			buildConfigurations = (
				045C1F37241AD7D4004217D9 /* Debug */,
				045C1F38241AD7D4004217D9 /* Release */,
			);
			defaultConfigurationIsVisible = 0;
			defaultConfigurationName = Release;
		};
		045C1F39241AD7D4004217D9 /* Build configuration list for PBXNativeTarget "myrootsinafrica" */ = {
			isa = XCConfigurationList;
			buildConfigurations = (
				045C1F3A241AD7D4004217D9 /* Debug */,
				045C1F3B241AD7D4004217D9 /* Release */,
			);
			defaultConfigurationIsVisible = 0;
			defaultConfigurationName = Release;
		};
		045C1F3C241AD7D4004217D9 /* Build configuration list for PBXNativeTarget "myrootsinafricaTests" */ = {
			isa = XCConfigurationList;
			buildConfigurations = (
				045C1F3D241AD7D4004217D9 /* Debug */,
				045C1F3E241AD7D4004217D9 /* Release */,
			);
			defaultConfigurationIsVisible = 0;
			defaultConfigurationName = Release;
		};
		045C1F3F241AD7D4004217D9 /* Build configuration list for PBXNativeTarget "myrootsinafricaUITests" */ = {
			isa = XCConfigurationList;
			buildConfigurations = (
				045C1F40241AD7D4004217D9 /* Debug */,
				045C1F41241AD7D4004217D9 /* Release */,
			);
			defaultConfigurationIsVisible = 0;
			defaultConfigurationName = Release;
		};
/* End XCConfigurationList section */

/* Begin XCVersionGroup section */
		045C1F18241AD7D3004217D9 /* myrootsinafrica.xcdatamodeld */ = {
			isa = XCVersionGroup;
			children = (
				045C1F19241AD7D3004217D9 /* myrootsinafrica.xcdatamodel */,
			);
			currentVersion = 045C1F19241AD7D3004217D9 /* myrootsinafrica.xcdatamodel */;
			path = myrootsinafrica.xcdatamodeld;
			sourceTree = "<group>";
			versionGroupType = wrapper.xcdatamodel;
		};
/* End XCVersionGroup section */
	};
	rootObject = 045C1F04241AD7D3004217D9 /* Project object */;
}
